lockfileVersion: '9.0'

settings:
  autoInstallPeers: true
  excludeLinksFromLockfile: false

dependencies:
  '@emotion/react':
    specifier: ^11.14.0
    version: 11.14.0
  '@emotion/styled':
    specifier: ^11.14.1
    version: 11.14.1
  '@mui/icons-material':
    specifier: ^7.3.1
    version: 7.3.1
  '@mui/material':
    specifier: ^7.3.1
    version: 7.3.1
  date-fns:
    specifier: ^3.6.0
    version: 3.6.0
  react:
    specifier: ^18.2.0
    version: 18.3.1
  react-dom:
    specifier: ^18.2.0
    version: 18.3.1
  zustand:
    specifier: ^4.5.2
    version: 4.5.7

devDependencies:
  '@vitejs/plugin-react':
    specifier: ^4.2.0
    version: 4.7.0
  autoprefixer:
    specifier: ^10.4.0
    version: 10.4.21
  postcss:
    specifier: ^8.4.0
    version: 8.5.6
  tailwindcss:
    specifier: ^3.4.0
    version: 3.4.17
  vite:
    specifier: ^4.5.0
    version: 4.5.14

packages: {}
